
Microsoft Visual Studio Solution File, Format Version 12.00
# Visual Studio Version 16
VisualStudioVersion = 16.0.29509.3
MinimumVisualStudioVersion = 10.0.40219.1
Project("{8BC9CEB8-8B4A-11D0-8D11-00A0C91BC942}") = "TileEngine", "TileEngine\TileEngine.vcxproj", "{112FCEC9-CE7F-4F81-AF99-99DA81CEB490}"
EndProject
Project("{8BC9CEB8-8B4A-11D0-8D11-00A0C91BC942}") = "MazeGenerator", "MazeGenerator\MazeGenerator.vcxproj", "{4E80356C-2903-4F52-B25F-49259DF4C3A4}"
EndProject
Project("{8BC9CEB8-8B4A-11D0-8D11-00A0C91BC942}") = "Sort", "Sort\Sort.vcxproj", "{3FF042DE-BA32-4D13-ABC7-7E1923491B90}"
EndProject
Project("{8BC9CEB8-8B4A-11D0-8D11-00A0C91BC942}") = "GameOfLife", "GameOfLife\GameOfLife.vcxproj", "{93824594-E32B-47F4-88D7-D000D7E8C2AC}"
EndProject
Project("{8BC9CEB8-8B4A-11D0-8D11-00A0C91BC942}") = "Snake", "Snake\Snake.vcxproj", "{107D2375-6DD8-41BD-AFEF-B942A28A2D7F}"
EndProject
Global
	GlobalSection(SolutionConfigurationPlatforms) = preSolution
		Debug|x64 = Debug|x64
		Debug|x86 = Debug|x86
		Release|x64 = Release|x64
		Release|x86 = Release|x86
	EndGlobalSection
	GlobalSection(ProjectConfigurationPlatforms) = postSolution
		{112FCEC9-CE7F-4F81-AF99-99DA81CEB490}.Debug|x64.ActiveCfg = Debug|x64
		{112FCEC9-CE7F-4F81-AF99-99DA81CEB490}.Debug|x64.Build.0 = Debug|x64
		{112FCEC9-CE7F-4F81-AF99-99DA81CEB490}.Debug|x86.ActiveCfg = Debug|Win32
		{112FCEC9-CE7F-4F81-AF99-99DA81CEB490}.Debug|x86.Build.0 = Debug|Win32
		{112FCEC9-CE7F-4F81-AF99-99DA81CEB490}.Release|x64.ActiveCfg = Release|x64
		{112FCEC9-CE7F-4F81-AF99-99DA81CEB490}.Release|x64.Build.0 = Release|x64
		{112FCEC9-CE7F-4F81-AF99-99DA81CEB490}.Release|x86.ActiveCfg = Release|Win32
		{112FCEC9-CE7F-4F81-AF99-99DA81CEB490}.Release|x86.Build.0 = Release|Win32
		{4E80356C-2903-4F52-B25F-49259DF4C3A4}.Debug|x64.ActiveCfg = Debug|x64
		{4E80356C-2903-4F52-B25F-49259DF4C3A4}.Debug|x64.Build.0 = Debug|x64
		{4E80356C-2903-4F52-B25F-49259DF4C3A4}.Debug|x86.ActiveCfg = Debug|Win32
		{4E80356C-2903-4F52-B25F-49259DF4C3A4}.Debug|x86.Build.0 = Debug|Win32
		{4E80356C-2903-4F52-B25F-49259DF4C3A4}.Release|x64.ActiveCfg = Release|x64
		{4E80356C-2903-4F52-B25F-49259DF4C3A4}.Release|x64.Build.0 = Release|x64
		{4E80356C-2903-4F52-B25F-49259DF4C3A4}.Release|x86.ActiveCfg = Release|Win32
		{4E80356C-2903-4F52-B25F-49259DF4C3A4}.Release|x86.Build.0 = Release|Win32
		{3FF042DE-BA32-4D13-ABC7-7E1923491B90}.Debug|x64.ActiveCfg = Debug|x64
		{3FF042DE-BA32-4D13-ABC7-7E1923491B90}.Debug|x64.Build.0 = Debug|x64
		{3FF042DE-BA32-4D13-ABC7-7E1923491B90}.Debug|x86.ActiveCfg = Debug|Win32
		{3FF042DE-BA32-4D13-ABC7-7E1923491B90}.Debug|x86.Build.0 = Debug|Win32
		{3FF042DE-BA32-4D13-ABC7-7E1923491B90}.Release|x64.ActiveCfg = Release|x64
		{3FF042DE-BA32-4D13-ABC7-7E1923491B90}.Release|x64.Build.0 = Release|x64
		{3FF042DE-BA32-4D13-ABC7-7E1923491B90}.Release|x86.ActiveCfg = Release|Win32
		{3FF042DE-BA32-4D13-ABC7-7E1923491B90}.Release|x86.Build.0 = Release|Win32
		{93824594-E32B-47F4-88D7-D000D7E8C2AC}.Debug|x64.ActiveCfg = Debug|x64
		{93824594-E32B-47F4-88D7-D000D7E8C2AC}.Debug|x64.Build.0 = Debug|x64
		{93824594-E32B-47F4-88D7-D000D7E8C2AC}.Debug|x86.ActiveCfg = Debug|Win32
		{93824594-E32B-47F4-88D7-D000D7E8C2AC}.Debug|x86.Build.0 = Debug|Win32
		{93824594-E32B-47F4-88D7-D000D7E8C2AC}.Release|x64.ActiveCfg = Release|x64
		{93824594-E32B-47F4-88D7-D000D7E8C2AC}.Release|x64.Build.0 = Release|x64
		{93824594-E32B-47F4-88D7-D000D7E8C2AC}.Release|x86.ActiveCfg = Release|Win32
		{93824594-E32B-47F4-88D7-D000D7E8C2AC}.Release|x86.Build.0 = Release|Win32
		{107D2375-6DD8-41BD-AFEF-B942A28A2D7F}.Debug|x64.ActiveCfg = Debug|x64
		{107D2375-6DD8-41BD-AFEF-B942A28A2D7F}.Debug|x64.Build.0 = Debug|x64
		{107D2375-6DD8-41BD-AFEF-B942A28A2D7F}.Debug|x86.ActiveCfg = Debug|Win32
		{107D2375-6DD8-41BD-AFEF-B942A28A2D7F}.Debug|x86.Build.0 = Debug|Win32
		{107D2375-6DD8-41BD-AFEF-B942A28A2D7F}.Release|x64.ActiveCfg = Release|x64
		{107D2375-6DD8-41BD-AFEF-B942A28A2D7F}.Release|x64.Build.0 = Release|x64
		{107D2375-6DD8-41BD-AFEF-B942A28A2D7F}.Release|x86.ActiveCfg = Release|Win32
		{107D2375-6DD8-41BD-AFEF-B942A28A2D7F}.Release|x86.Build.0 = Release|Win32
	EndGlobalSection
	GlobalSection(SolutionProperties) = preSolution
		HideSolutionNode = FALSE
	EndGlobalSection
	GlobalSection(ExtensibilityGlobals) = postSolution
		SolutionGuid = {F9187640-7CA2-4E69-99C4-2A6E286832BC}
	EndGlobalSection
EndGlobal
